{
    "_readme": [
        "This file locks the dependencies of your project to a known state",
        "Read more about it at https://getcomposer.org/doc/01-basic-usage.md#composer-lock-the-lock-file",
        "This file is @generated automatically"
    ],
    "hash": "427234640dad2559c2a8f551a06b9437",
    "content-hash": "4c9e8ca83a62aff544e00a6e1b9e75e7",
    "packages": [
        {
            "name": "bigwhoop/haproxy-api",
            "version": "dev-master",
            "source": {
                "type": "git",
                "url": "https://github.com/Koshatul/haproxy-api.git",
                "reference": "4c3f7ddf7d796e14a73638cda47ee061b5b070fe"
            },
            "dist": {
                "type": "zip",
                "url": "https://api.github.com/repos/Koshatul/haproxy-api/zipball/4c3f7ddf7d796e14a73638cda47ee061b5b070fe",
                "reference": "4c3f7ddf7d796e14a73638cda47ee061b5b070fe",
                "shasum": ""
            },
            "require": {
                "php": ">=5.3.0"
            },
            "type": "library",
            "autoload": {
                "psr-0": {
                    "BigWhoop\\HAProxyAPI": "src/"
                }
            },
            "license": [
                "MIT"
            ],
            "authors": [
                {
                    "name": "Philippe Gerber",
                    "email": "philippe@bigwhoop.ch",
                    "homepage": "http://bigwhoop.ch"
                }
            ],
            "description": "API for HAProxy",
            "homepage": "http://github.com/bigwhoop/haproxy-api",
            "keywords": [
                "api",
                "haproxy"
            ],
            "support": {
                "source": "https://github.com/Koshatul/haproxy-api/tree/master"
            },
            "time": "2015-09-23 00:12:47"
        },
        {
            "name": "icecave/parity",
            "version": "0.1.0",
            "source": {
                "type": "git",
                "url": "https://github.com/IcecaveStudios/parity.git",
                "reference": "a68a1c645ced693f34cd39b0da1e44d803fcc7f2"
            },
            "dist": {
                "type": "zip",
                "url": "https://api.github.com/repos/IcecaveStudios/parity/zipball/a68a1c645ced693f34cd39b0da1e44d803fcc7f2",
                "reference": "a68a1c645ced693f34cd39b0da1e44d803fcc7f2",
                "shasum": ""
            },
            "require": {
                "icecave/repr": "~1",
                "php": ">=5.3"
            },
            "require-dev": {
                "eloquent/typhoon": "~0.9",
                "icecave/archer": "~0.3"
            },
            "type": "library",
            "extra": {
                "typhoon": {
                    "output-path": "lib-typhoon",
                    "validator-namespace": "Icecave\\Parity\\TypeCheck",
                    "use-native-callable": false
                }
            },
            "autoload": {
                "psr-0": {
                    "Icecave\\Parity": "lib",
                    "Icecave\\Parity\\TypeCheck": "lib-typhoon"
                }
            },
            "notification-url": "https://packagist.org/downloads/",
            "license": [
                "MIT"
            ],
            "authors": [
                {
                    "name": "James Harris",
                    "email": "james.harris@icecave.com.au",
                    "homepage": "https://github.com/jmalloc"
                }
            ],
            "description": "A comparator library for PHP.",
            "homepage": "https://github.com/IcecaveStudios/parity",
            "keywords": [
                "compare",
                "comparison",
                "equal",
                "equality",
                "greater",
                "less",
                "sort",
                "sorting"
            ],
            "time": "2013-05-29 08:00:22"
        },
        {
            "name": "icecave/repr",
            "version": "1.0.1",
            "source": {
                "type": "git",
                "url": "https://github.com/IcecaveStudios/repr.git",
                "reference": "8a3d2953adf5f464a06e3e2587aeacc97e2bed07"
            },
            "dist": {
                "type": "zip",
                "url": "https://api.github.com/repos/IcecaveStudios/repr/zipball/8a3d2953adf5f464a06e3e2587aeacc97e2bed07",
                "reference": "8a3d2953adf5f464a06e3e2587aeacc97e2bed07",
                "shasum": ""
            },
            "require": {
                "php": ">=5.3"
            },
            "require-dev": {
                "icecave/archer": "~1"
            },
            "suggest": {
                "eloquent/asplode": "Drop-in exception-based error handling."
            },
            "type": "library",
            "autoload": {
                "psr-4": {
                    "Icecave\\Repr\\": "src"
                }
            },
            "notification-url": "https://packagist.org/downloads/",
            "license": [
                "MIT"
            ],
            "authors": [
                {
                    "name": "James Harris",
                    "email": "james.harris@icecave.com.au",
                    "homepage": "https://github.com/jmalloc"
                }
            ],
            "description": "A library for generating string representations of any value, inspired by Python's reprlib library.",
            "homepage": "https://github.com/IcecaveStudios/repr",
            "keywords": [
                "human",
                "readable",
                "repr",
                "representation",
                "string"
            ],
            "time": "2014-07-25 05:44:41"
        },
        {
            "name": "icecave/semver",
            "version": "3.0.1",
            "source": {
                "type": "git",
                "url": "https://github.com/IcecaveStudios/semver.git",
                "reference": "cd365959dee8b16fab490426ca9829afafa743d9"
            },
            "dist": {
                "type": "zip",
                "url": "https://api.github.com/repos/IcecaveStudios/semver/zipball/cd365959dee8b16fab490426ca9829afafa743d9",
                "reference": "cd365959dee8b16fab490426ca9829afafa743d9",
                "shasum": ""
            },
            "require": {
                "icecave/parity": "~0.1",
                "php": ">=5.3"
            },
            "require-dev": {
                "eloquent/typhoon": "~0.9",
                "icecave/archer": "1.0.0-alpha.1"
            },
            "type": "library",
            "extra": {
                "typhoon": {
                    "output-path": "lib-typhoon",
                    "validator-namespace": "Icecave\\SemVer\\TypeCheck",
                    "use-native-callable": false
                }
            },
            "autoload": {
                "psr-0": {
                    "Icecave\\SemVer": "lib",
                    "Icecave\\SemVer\\TypeCheck": "lib-typhoon"
                }
            },
            "notification-url": "https://packagist.org/downloads/",
            "license": [
                "MIT"
            ],
            "authors": [
                {
                    "name": "James Harris",
                    "email": "james.harris@icecave.com.au",
                    "homepage": "https://github.com/jmalloc"
                }
            ],
            "description": "A semantic version parser and comparison library.",
            "homepage": "https://github.com/IcecaveStudios/semver",
            "keywords": [
                "compare",
                "comparison",
                "semantic",
                "semver",
                "version"
            ],
            "time": "2013-07-27 02:54:59"
        },
        {
            "name": "koshatul/config",
            "version": "dev-master",
            "source": {
                "type": "git",
                "url": "git@entropy.fsvr.net:koshatul/config.git",
                "reference": "09f3a27d4689a49fb17a065311ad647d0aed178f"
            },
            "require": {
                "php": ">=5.3"
            },
            "require-dev": {
                "icecave/archer": "dev-master"
            },
            "type": "library",
            "autoload": {
                "psr-4": {
                    "Koshatul\\Config\\": "src"
                }
            },
            "license": [
                "proprietary"
            ],
            "authors": [
                {
                    "name": "Kosh",
                    "email": "koshatul@gmail.com",
                    "homepage": "http://koshatul.com/"
                }
            ],
            "description": "Koshatul Config Class",
            "time": "2014-12-11 23:25:16"
        },
        {
            "name": "respect/rest",
            "version": "dev-master",
            "source": {
                "type": "git",
                "url": "https://github.com/Respect/Rest.git",
                "reference": "c0c702211fef13b7c36a3d664597837c14f0834a"
            },
            "dist": {
                "type": "zip",
                "url": "https://api.github.com/repos/Respect/Rest/zipball/c0c702211fef13b7c36a3d664597837c14f0834a",
                "reference": "c0c702211fef13b7c36a3d664597837c14f0834a",
                "shasum": ""
            },
            "require": {
                "php": ">=5.3.0"
            },
            "require-dev": {
                "phpunit/phpunit": "~4.4.0"
            },
            "type": "library",
            "extra": {
                "branch-alias": {
                    "dev-master": "0.6-dev"
                }
            },
            "autoload": {
                "psr-4": {
                    "Respect\\": "library/Respect"
                }
            },
            "notification-url": "https://packagist.org/downloads/",
            "license": [
                "BSD Style"
            ],
            "authors": [
                {
                    "name": "Alexandre Gaigalas",
                    "email": "alexandre@gaigalas.net"
                },
                {
                    "name": "Respect/Data Contributors",
                    "homepage": "https://github.com/Respect/Data/graphs/contributors"
                }
            ],
            "description": "Thin controller for RESTful applications",
            "homepage": "http://respect.li/",
            "time": "2015-03-06 13:57:42"
        },
        {
            "name": "symfony/console",
            "version": "v2.7.4",
            "source": {
                "type": "git",
                "url": "https://github.com/symfony/Console.git",
                "reference": "9ff9032151186bd66ecee727d728f1319f52d1d8"
            },
            "dist": {
                "type": "zip",
                "url": "https://api.github.com/repos/symfony/Console/zipball/9ff9032151186bd66ecee727d728f1319f52d1d8",
                "reference": "9ff9032151186bd66ecee727d728f1319f52d1d8",
                "shasum": ""
            },
            "require": {
                "php": ">=5.3.9"
            },
            "require-dev": {
                "psr/log": "~1.0",
                "symfony/event-dispatcher": "~2.1",
                "symfony/phpunit-bridge": "~2.7",
                "symfony/process": "~2.1"
            },
            "suggest": {
                "psr/log": "For using the console logger",
                "symfony/event-dispatcher": "",
                "symfony/process": ""
            },
            "type": "library",
            "extra": {
                "branch-alias": {
                    "dev-master": "2.7-dev"
                }
            },
            "autoload": {
                "psr-4": {
                    "Symfony\\Component\\Console\\": ""
                }
            },
            "notification-url": "https://packagist.org/downloads/",
            "license": [
                "MIT"
            ],
            "authors": [
                {
                    "name": "Fabien Potencier",
                    "email": "fabien@symfony.com"
                },
                {
                    "name": "Symfony Community",
                    "homepage": "https://symfony.com/contributors"
                }
            ],
            "description": "Symfony Console Component",
            "homepage": "https://symfony.com",
            "time": "2015-09-03 11:40:38"
        }
    ],
    "packages-dev": null,
    "aliases": [],
    "minimum-stability": "stable",
    "stability-flags": {
        "respect/rest": 20,
        "koshatul/config": 20,
        "bigwhoop/haproxy-api": 20,
        "icecave/archer": 20
    },
    "prefer-stable": false,
    "prefer-lowest": false,
    "platform": {
        "php": ">=5.3"
    },
    "platform-dev": []
}
